PODS:
  - SwiftCountryPicker (1.0.0)

DEPENDENCIES:
  - SwiftCountryPicker (from `../`)

EXTERNAL SOURCES:
  SwiftCountryPicker:
    :path: "../"

SPEC CHECKSUMS:
  SwiftCountryPicker: 18f69fe0301412de373d3d2043fea38a6053ca91

PODFILE CHECKSUM: 3f0add90ea0ba3679750b893bc6a8afd913a67cf

COCOAPODS: 1.1.1
